// !$*UTF8*$!
{
	archiveVersion = 1;
	classes = {
	};
	objectVersion = 56;
	objects = {

/* Begin PBXBuildFile section */
		6C2B4985CC2B6931A9C9FFD3 /* Pods_CJViewGRDemo.framework in Frameworks */ = {isa = PBXBuildFile; fileRef = A992D96B19262EEE4B8F952F /* Pods_CJViewGRDemo.framework */; };
		9723B4392CF76F6D0095398F /* CJViewGRDemoApp.swift in Sources */ = {isa = PBXBuildFile; fileRef = 9723B4382CF76F6D0095398F /* CJViewGRDemoApp.swift */; };
		9723B43B2CF76F6D0095398F /* ContentView.swift in Sources */ = {isa = PBXBuildFile; fileRef = 9723B43A2CF76F6D0095398F /* ContentView.swift */; };
		9723B43D2CF76F6F0095398F /* Assets.xcassets in Resources */ = {isa = PBXBuildFile; fileRef = 9723B43C2CF76F6F0095398F /* Assets.xcassets */; };
		9723B4402CF76F6F0095398F /* Preview Assets.xcassets in Resources */ = {isa = PBXBuildFile; fileRef = 9723B43F2CF76F6F0095398F /* Preview Assets.xcassets */; };
		9723B44A2CF76F6F0095398F /* CJViewGRDemoTests.swift in Sources */ = {isa = PBXBuildFile; fileRef = 9723B4492CF76F6F0095398F /* CJViewGRDemoTests.swift */; };
		9723B4542CF76F6F0095398F /* CJViewGRDemoUITests.swift in Sources */ = {isa = PBXBuildFile; fileRef = 9723B4532CF76F6F0095398F /* CJViewGRDemoUITests.swift */; };
		9723B4562CF76F6F0095398F /* CJViewGRDemoUITestsLaunchTests.swift in Sources */ = {isa = PBXBuildFile; fileRef = 9723B4552CF76F6F0095398F /* CJViewGRDemoUITestsLaunchTests.swift */; };
/* End PBXBuildFile section */

/* Begin PBXContainerItemProxy section */
		9723B4462CF76F6F0095398F /* PBXContainerItemProxy */ = {
			isa = PBXContainerItemProxy;
			containerPortal = 9723B42D2CF76F6D0095398F /* Project object */;
			proxyType = 1;
			remoteGlobalIDString = 9723B4342CF76F6D0095398F;
			remoteInfo = CJViewGRDemo;
		};
		9723B4502CF76F6F0095398F /* PBXContainerItemProxy */ = {
			isa = PBXContainerItemProxy;
			containerPortal = 9723B42D2CF76F6D0095398F /* Project object */;
			proxyType = 1;
			remoteGlobalIDString = 9723B4342CF76F6D0095398F;
			remoteInfo = CJViewGRDemo;
		};
/* End PBXContainerItemProxy section */

/* Begin PBXFileReference section */
		2BCAF7E014F8ACD5F4045136 /* Pods-CJViewGRDemo.release.xcconfig */ = {isa = PBXFileReference; includeInIndex = 1; lastKnownFileType = text.xcconfig; name = "Pods-CJViewGRDemo.release.xcconfig"; path = "Target Support Files/Pods-CJViewGRDemo/Pods-CJViewGRDemo.release.xcconfig"; sourceTree = "<group>"; };
		685A811100D2D723751FAA56 /* Pods-CJViewGRDemo.debug.xcconfig */ = {isa = PBXFileReference; includeInIndex = 1; lastKnownFileType = text.xcconfig; name = "Pods-CJViewGRDemo.debug.xcconfig"; path = "Target Support Files/Pods-CJViewGRDemo/Pods-CJViewGRDemo.debug.xcconfig"; sourceTree = "<group>"; };
		9723B4352CF76F6D0095398F /* CJViewGRDemo.app */ = {isa = PBXFileReference; explicitFileType = wrapper.application; includeInIndex = 0; path = CJViewGRDemo.app; sourceTree = BUILT_PRODUCTS_DIR; };
		9723B4382CF76F6D0095398F /* CJViewGRDemoApp.swift */ = {isa = PBXFileReference; lastKnownFileType = sourcecode.swift; path = CJViewGRDemoApp.swift; sourceTree = "<group>"; };
		9723B43A2CF76F6D0095398F /* ContentView.swift */ = {isa = PBXFileReference; lastKnownFileType = sourcecode.swift; path = ContentView.swift; sourceTree = "<group>"; };
		9723B43C2CF76F6F0095398F /* Assets.xcassets */ = {isa = PBXFileReference; lastKnownFileType = folder.assetcatalog; path = Assets.xcassets; sourceTree = "<group>"; };
		9723B43F2CF76F6F0095398F /* Preview Assets.xcassets */ = {isa = PBXFileReference; lastKnownFileType = folder.assetcatalog; path = "Preview Assets.xcassets"; sourceTree = "<group>"; };
		9723B4452CF76F6F0095398F /* CJViewGRDemoTests.xctest */ = {isa = PBXFileReference; explicitFileType = wrapper.cfbundle; includeInIndex = 0; path = CJViewGRDemoTests.xctest; sourceTree = BUILT_PRODUCTS_DIR; };
		9723B4492CF76F6F0095398F /* CJViewGRDemoTests.swift */ = {isa = PBXFileReference; lastKnownFileType = sourcecode.swift; path = CJViewGRDemoTests.swift; sourceTree = "<group>"; };
		9723B44F2CF76F6F0095398F /* CJViewGRDemoUITests.xctest */ = {isa = PBXFileReference; explicitFileType = wrapper.cfbundle; includeInIndex = 0; path = CJViewGRDemoUITests.xctest; sourceTree = BUILT_PRODUCTS_DIR; };
		9723B4532CF76F6F0095398F /* CJViewGRDemoUITests.swift */ = {isa = PBXFileReference; lastKnownFileType = sourcecode.swift; path = CJViewGRDemoUITests.swift; sourceTree = "<group>"; };
		9723B4552CF76F6F0095398F /* CJViewGRDemoUITestsLaunchTests.swift */ = {isa = PBXFileReference; lastKnownFileType = sourcecode.swift; path = CJViewGRDemoUITestsLaunchTests.swift; sourceTree = "<group>"; };
		A992D96B19262EEE4B8F952F /* Pods_CJViewGRDemo.framework */ = {isa = PBXFileReference; explicitFileType = wrapper.framework; includeInIndex = 0; path = Pods_CJViewGRDemo.framework; sourceTree = BUILT_PRODUCTS_DIR; };
/* End PBXFileReference section */

/* Begin PBXFrameworksBuildPhase section */
		9723B4322CF76F6D0095398F /* Frameworks */ = {
			isa = PBXFrameworksBuildPhase;
			buildActionMask = 2147483647;
			files = (
				6C2B4985CC2B6931A9C9FFD3 /* Pods_CJViewGRDemo.framework in Frameworks */,
			);
			runOnlyForDeploymentPostprocessing = 0;
		};
		9723B4422CF76F6F0095398F /* Frameworks */ = {
			isa = PBXFrameworksBuildPhase;
			buildActionMask = 2147483647;
			files = (
			);
			runOnlyForDeploymentPostprocessing = 0;
		};
		9723B44C2CF76F6F0095398F /* Frameworks */ = {
			isa = PBXFrameworksBuildPhase;
			buildActionMask = 2147483647;
			files = (
			);
			runOnlyForDeploymentPostprocessing = 0;
		};
/* End PBXFrameworksBuildPhase section */

/* Begin PBXGroup section */
		9723B42C2CF76F6D0095398F = {
			isa = PBXGroup;
			children = (
				9723B4372CF76F6D0095398F /* CJViewGRDemo */,
				9723B4482CF76F6F0095398F /* CJViewGRDemoTests */,
				9723B4522CF76F6F0095398F /* CJViewGRDemoUITests */,
				9723B4362CF76F6D0095398F /* Products */,
				B13DE2742E58A67BA97B2A4D /* Pods */,
				DE7A179CC70BFF7BE553F9F0 /* Frameworks */,
			);
			sourceTree = "<group>";
		};
		9723B4362CF76F6D0095398F /* Products */ = {
			isa = PBXGroup;
			children = (
				9723B4352CF76F6D0095398F /* CJViewGRDemo.app */,
				9723B4452CF76F6F0095398F /* CJViewGRDemoTests.xctest */,
				9723B44F2CF76F6F0095398F /* CJViewGRDemoUITests.xctest */,
			);
			name = Products;
			sourceTree = "<group>";
		};
		9723B4372CF76F6D0095398F /* CJViewGRDemo */ = {
			isa = PBXGroup;
			children = (
				9723B4382CF76F6D0095398F /* CJViewGRDemoApp.swift */,
				9723B43A2CF76F6D0095398F /* ContentView.swift */,
				9723B43C2CF76F6F0095398F /* Assets.xcassets */,
				9723B43E2CF76F6F0095398F /* Preview Content */,
			);
			path = CJViewGRDemo;
			sourceTree = "<group>";
		};
		9723B43E2CF76F6F0095398F /* Preview Content */ = {
			isa = PBXGroup;
			children = (
				9723B43F2CF76F6F0095398F /* Preview Assets.xcassets */,
			);
			path = "Preview Content";
			sourceTree = "<group>";
		};
		9723B4482CF76F6F0095398F /* CJViewGRDemoTests */ = {
			isa = PBXGroup;
			children = (
				9723B4492CF76F6F0095398F /* CJViewGRDemoTests.swift */,
			);
			path = CJViewGRDemoTests;
			sourceTree = "<group>";
		};
		9723B4522CF76F6F0095398F /* CJViewGRDemoUITests */ = {
			isa = PBXGroup;
			children = (
				9723B4532CF76F6F0095398F /* CJViewGRDemoUITests.swift */,
				9723B4552CF76F6F0095398F /* CJViewGRDemoUITestsLaunchTests.swift */,
			);
			path = CJViewGRDemoUITests;
			sourceTree = "<group>";
		};
		B13DE2742E58A67BA97B2A4D /* Pods */ = {
			isa = PBXGroup;
			children = (
				685A811100D2D723751FAA56 /* Pods-CJViewGRDemo.debug.xcconfig */,
				2BCAF7E014F8ACD5F4045136 /* Pods-CJViewGRDemo.release.xcconfig */,
			);
			path = Pods;
			sourceTree = "<group>";
		};
		DE7A179CC70BFF7BE553F9F0 /* Frameworks */ = {
			isa = PBXGroup;
			children = (
				A992D96B19262EEE4B8F952F /* Pods_CJViewGRDemo.framework */,
			);
			name = Frameworks;
			sourceTree = "<group>";
		};
/* End PBXGroup section */

/* Begin PBXNativeTarget section */
		9723B4342CF76F6D0095398F /* CJViewGRDemo */ = {
			isa = PBXNativeTarget;
			buildConfigurationList = 9723B4592CF76F6F0095398F /* Build configuration list for PBXNativeTarget "CJViewGRDemo" */;
			buildPhases = (
				CF11A897A326506EEF61D96F /* [CP] Check Pods Manifest.lock */,
				9723B4312CF76F6D0095398F /* Sources */,
				9723B4322CF76F6D0095398F /* Frameworks */,
				9723B4332CF76F6D0095398F /* Resources */,
				6F6282C335426D8720F3B5D8 /* [CP] Embed Pods Frameworks */,
			);
			buildRules = (
			);
			dependencies = (
			);
			name = CJViewGRDemo;
			productName = CJViewGRDemo;
			productReference = 9723B4352CF76F6D0095398F /* CJViewGRDemo.app */;
			productType = "com.apple.product-type.application";
		};
		9723B4442CF76F6F0095398F /* CJViewGRDemoTests */ = {
			isa = PBXNativeTarget;
			buildConfigurationList = 9723B45C2CF76F6F0095398F /* Build configuration list for PBXNativeTarget "CJViewGRDemoTests" */;
			buildPhases = (
				9723B4412CF76F6F0095398F /* Sources */,
				9723B4422CF76F6F0095398F /* Frameworks */,
				9723B4432CF76F6F0095398F /* Resources */,
			);
			buildRules = (
			);
			dependencies = (
				9723B4472CF76F6F0095398F /* PBXTargetDependency */,
			);
			name = CJViewGRDemoTests;
			productName = CJViewGRDemoTests;
			productReference = 9723B4452CF76F6F0095398F /* CJViewGRDemoTests.xctest */;
			productType = "com.apple.product-type.bundle.unit-test";
		};
		9723B44E2CF76F6F0095398F /* CJViewGRDemoUITests */ = {
			isa = PBXNativeTarget;
			buildConfigurationList = 9723B45F2CF76F6F0095398F /* Build configuration list for PBXNativeTarget "CJViewGRDemoUITests" */;
			buildPhases = (
				9723B44B2CF76F6F0095398F /* Sources */,
				9723B44C2CF76F6F0095398F /* Frameworks */,
				9723B44D2CF76F6F0095398F /* Resources */,
			);
			buildRules = (
			);
			dependencies = (
				9723B4512CF76F6F0095398F /* PBXTargetDependency */,
			);
			name = CJViewGRDemoUITests;
			productName = CJViewGRDemoUITests;
			productReference = 9723B44F2CF76F6F0095398F /* CJViewGRDemoUITests.xctest */;
			productType = "com.apple.product-type.bundle.ui-testing";
		};
/* End PBXNativeTarget section */

/* Begin PBXProject section */
		9723B42D2CF76F6D0095398F /* Project object */ = {
			isa = PBXProject;
			attributes = {
				BuildIndependentTargetsInParallel = 1;
				LastSwiftUpdateCheck = 1520;
				LastUpgradeCheck = 1520;
				TargetAttributes = {
					9723B4342CF76F6D0095398F = {
						CreatedOnToolsVersion = 15.2;
					};
					9723B4442CF76F6F0095398F = {
						CreatedOnToolsVersion = 15.2;
						TestTargetID = 9723B4342CF76F6D0095398F;
					};
					9723B44E2CF76F6F0095398F = {
						CreatedOnToolsVersion = 15.2;
						TestTargetID = 9723B4342CF76F6D0095398F;
					};
				};
			};
			buildConfigurationList = 9723B4302CF76F6D0095398F /* Build configuration list for PBXProject "CJViewGRDemo" */;
			compatibilityVersion = "Xcode 14.0";
			developmentRegion = en;
			hasScannedForEncodings = 0;
			knownRegions = (
				en,
				Base,
			);
			mainGroup = 9723B42C2CF76F6D0095398F;
			productRefGroup = 9723B4362CF76F6D0095398F /* Products */;
			projectDirPath = "";
			projectRoot = "";
			targets = (
				9723B4342CF76F6D0095398F /* CJViewGRDemo */,
				9723B4442CF76F6F0095398F /* CJViewGRDemoTests */,
				9723B44E2CF76F6F0095398F /* CJViewGRDemoUITests */,
			);
		};
/* End PBXProject section */

/* Begin PBXResourcesBuildPhase section */
		9723B4332CF76F6D0095398F /* Resources */ = {
			isa = PBXResourcesBuildPhase;
			buildActionMask = 2147483647;
			files = (
				9723B4402CF76F6F0095398F /* Preview Assets.xcassets in Resources */,
				9723B43D2CF76F6F0095398F /* Assets.xcassets in Resources */,
			);
			runOnlyForDeploymentPostprocessing = 0;
		};
		9723B4432CF76F6F0095398F /* Resources */ = {
			isa = PBXResourcesBuildPhase;
			buildActionMask = 2147483647;
			files = (
			);
			runOnlyForDeploymentPostprocessing = 0;
		};
		9723B44D2CF76F6F0095398F /* Resources */ = {
			isa = PBXResourcesBuildPhase;
			buildActionMask = 2147483647;
			files = (
			);
			runOnlyForDeploymentPostprocessing = 0;
		};
/* End PBXResourcesBuildPhase section */

/* Begin PBXShellScriptBuildPhase section */
		6F6282C335426D8720F3B5D8 /* [CP] Embed Pods Frameworks */ = {
			isa = PBXShellScriptBuildPhase;
			buildActionMask = 2147483647;
			files = (
			);
			inputFileListPaths = (
				"${PODS_ROOT}/Target Support Files/Pods-CJViewGRDemo/Pods-CJViewGRDemo-frameworks-${CONFIGURATION}-input-files.xcfilelist",
			);
			name = "[CP] Embed Pods Frameworks";
			outputFileListPaths = (
				"${PODS_ROOT}/Target Support Files/Pods-CJViewGRDemo/Pods-CJViewGRDemo-frameworks-${CONFIGURATION}-output-files.xcfilelist",
			);
			runOnlyForDeploymentPostprocessing = 0;
			shellPath = /bin/sh;
			shellScript = "\"${PODS_ROOT}/Target Support Files/Pods-CJViewGRDemo/Pods-CJViewGRDemo-frameworks.sh\"\n";
			showEnvVarsInLog = 0;
		};
		CF11A897A326506EEF61D96F /* [CP] Check Pods Manifest.lock */ = {
			isa = PBXShellScriptBuildPhase;
			buildActionMask = 2147483647;
			files = (
			);
			inputFileListPaths = (
			);
			inputPaths = (
				"${PODS_PODFILE_DIR_PATH}/Podfile.lock",
				"${PODS_ROOT}/Manifest.lock",
			);
			name = "[CP] Check Pods Manifest.lock";
			outputFileListPaths = (
			);
			outputPaths = (
				"$(DERIVED_FILE_DIR)/Pods-CJViewGRDemo-checkManifestLockResult.txt",
			);
			runOnlyForDeploymentPostprocessing = 0;
			shellPath = /bin/sh;
			shellScript = "diff \"${PODS_PODFILE_DIR_PATH}/Podfile.lock\" \"${PODS_ROOT}/Manifest.lock\" > /dev/null\nif [ $? != 0 ] ; then\n    # print error to STDERR\n    echo \"error: The sandbox is not in sync with the Podfile.lock. Run 'pod install' or update your CocoaPods installation.\" >&2\n    exit 1\nfi\n# This output is used by Xcode 'outputs' to avoid re-running this script phase.\necho \"SUCCESS\" > \"${SCRIPT_OUTPUT_FILE_0}\"\n";
			showEnvVarsInLog = 0;
		};
/* End PBXShellScriptBuildPhase section */

/* Begin PBXSourcesBuildPhase section */
		9723B4312CF76F6D0095398F /* Sources */ = {
			isa = PBXSourcesBuildPhase;
			buildActionMask = 2147483647;
			files = (
				9723B43B2CF76F6D0095398F /* ContentView.swift in Sources */,
				9723B4392CF76F6D0095398F /* CJViewGRDemoApp.swift in Sources */,
			);
			runOnlyForDeploymentPostprocessing = 0;
		};
		9723B4412CF76F6F0095398F /* Sources */ = {
			isa = PBXSourcesBuildPhase;
			buildActionMask = 2147483647;
			files = (
				9723B44A2CF76F6F0095398F /* CJViewGRDemoTests.swift in Sources */,
			);
			runOnlyForDeploymentPostprocessing = 0;
		};
		9723B44B2CF76F6F0095398F /* Sources */ = {
			isa = PBXSourcesBuildPhase;
			buildActionMask = 2147483647;
			files = (
				9723B4562CF76F6F0095398F /* CJViewGRDemoUITestsLaunchTests.swift in Sources */,
				9723B4542CF76F6F0095398F /* CJViewGRDemoUITests.swift in Sources */,
			);
			runOnlyForDeploymentPostprocessing = 0;
		};
/* End PBXSourcesBuildPhase section */

/* Begin PBXTargetDependency section */
		9723B4472CF76F6F0095398F /* PBXTargetDependency */ = {
			isa = PBXTargetDependency;
			target = 9723B4342CF76F6D0095398F /* CJViewGRDemo */;
			targetProxy = 9723B4462CF76F6F0095398F /* PBXContainerItemProxy */;
		};
		9723B4512CF76F6F0095398F /* PBXTargetDependency */ = {
			isa = PBXTargetDependency;
			target = 9723B4342CF76F6D0095398F /* CJViewGRDemo */;
			targetProxy = 9723B4502CF76F6F0095398F /* PBXContainerItemProxy */;
		};
/* End PBXTargetDependency section */

/* Begin XCBuildConfiguration section */
		9723B4572CF76F6F0095398F /* Debug */ = {
			isa = XCBuildConfiguration;
			buildSettings = {
				ALWAYS_SEARCH_USER_PATHS = NO;
				ASSETCATALOG_COMPILER_GENERATE_SWIFT_ASSET_SYMBOL_EXTENSIONS = YES;
				CLANG_ANALYZER_NONNULL = YES;
				CLANG_ANALYZER_NUMBER_OBJECT_CONVERSION = YES_AGGRESSIVE;
				CLANG_CXX_LANGUAGE_STANDARD = "gnu++20";
				CLANG_ENABLE_MODULES = YES;
				CLANG_ENABLE_OBJC_ARC = YES;
				CLANG_ENABLE_OBJC_WEAK = YES;
				CLANG_WARN_BLOCK_CAPTURE_AUTORELEASING = YES;
				CLANG_WARN_BOOL_CONVERSION = YES;
				CLANG_WARN_COMMA = YES;
				CLANG_WARN_CONSTANT_CONVERSION = YES;
				CLANG_WARN_DEPRECATED_OBJC_IMPLEMENTATIONS = YES;
				CLANG_WARN_DIRECT_OBJC_ISA_USAGE = YES_ERROR;
				CLANG_WARN_DOCUMENTATION_COMMENTS = YES;
				CLANG_WARN_EMPTY_BODY = YES;
				CLANG_WARN_ENUM_CONVERSION = YES;
				CLANG_WARN_INFINITE_RECURSION = YES;
				CLANG_WARN_INT_CONVERSION = YES;
				CLANG_WARN_NON_LITERAL_NULL_CONVERSION = YES;
				CLANG_WARN_OBJC_IMPLICIT_RETAIN_SELF = YES;
				CLANG_WARN_OBJC_LITERAL_CONVERSION = YES;
				CLANG_WARN_OBJC_ROOT_CLASS = YES_ERROR;
				CLANG_WARN_QUOTED_INCLUDE_IN_FRAMEWORK_HEADER = YES;
				CLANG_WARN_RANGE_LOOP_ANALYSIS = YES;
				CLANG_WARN_STRICT_PROTOTYPES = YES;
				CLANG_WARN_SUSPICIOUS_MOVE = YES;
				CLANG_WARN_UNGUARDED_AVAILABILITY = YES_AGGRESSIVE;
				CLANG_WARN_UNREACHABLE_CODE = YES;
				CLANG_WARN__DUPLICATE_METHOD_MATCH = YES;
				COPY_PHASE_STRIP = NO;
				DEBUG_INFORMATION_FORMAT = dwarf;
				ENABLE_STRICT_OBJC_MSGSEND = YES;
				ENABLE_TESTABILITY = YES;
				ENABLE_USER_SCRIPT_SANDBOXING = NO;
				GCC_C_LANGUAGE_STANDARD = gnu17;
				GCC_DYNAMIC_NO_PIC = NO;
				GCC_NO_COMMON_BLOCKS = YES;
				GCC_OPTIMIZATION_LEVEL = 0;
				GCC_PREPROCESSOR_DEFINITIONS = (
					"DEBUG=1",
					"$(inherited)",
				);
				GCC_WARN_64_TO_32_BIT_CONVERSION = YES;
				GCC_WARN_ABOUT_RETURN_TYPE = YES_ERROR;
				GCC_WARN_UNDECLARED_SELECTOR = YES;
				GCC_WARN_UNINITIALIZED_AUTOS = YES_AGGRESSIVE;
				GCC_WARN_UNUSED_FUNCTION = YES;
				GCC_WARN_UNUSED_VARIABLE = YES;
				IPHONEOS_DEPLOYMENT_TARGET = 17.2;
				LOCALIZATION_PREFERS_STRING_CATALOGS = YES;
				MTL_ENABLE_DEBUG_INFO = INCLUDE_SOURCE;
				MTL_FAST_MATH = YES;
				ONLY_ACTIVE_ARCH = YES;
				SDKROOT = iphoneos;
				SWIFT_ACTIVE_COMPILATION_CONDITIONS = "DEBUG $(inherited)";
				SWIFT_OPTIMIZATION_LEVEL = "-Onone";
			};
			name = Debug;
		};
		9723B4582CF76F6F0095398F /* Release */ = {
			isa = XCBuildConfiguration;
			buildSettings = {
				ALWAYS_SEARCH_USER_PATHS = NO;
				ASSETCATALOG_COMPILER_GENERATE_SWIFT_ASSET_SYMBOL_EXTENSIONS = YES;
				CLANG_ANALYZER_NONNULL = YES;
				CLANG_ANALYZER_NUMBER_OBJECT_CONVERSION = YES_AGGRESSIVE;
				CLANG_CXX_LANGUAGE_STANDARD = "gnu++20";
				CLANG_ENABLE_MODULES = YES;
				CLANG_ENABLE_OBJC_ARC = YES;
				CLANG_ENABLE_OBJC_WEAK = YES;
				CLANG_WARN_BLOCK_CAPTURE_AUTORELEASING = YES;
				CLANG_WARN_BOOL_CONVERSION = YES;
				CLANG_WARN_COMMA = YES;
				CLANG_WARN_CONSTANT_CONVERSION = YES;
				CLANG_WARN_DEPRECATED_OBJC_IMPLEMENTATIONS = YES;
				CLANG_WARN_DIRECT_OBJC_ISA_USAGE = YES_ERROR;
				CLANG_WARN_DOCUMENTATION_COMMENTS = YES;
				CLANG_WARN_EMPTY_BODY = YES;
				CLANG_WARN_ENUM_CONVERSION = YES;
				CLANG_WARN_INFINITE_RECURSION = YES;
				CLANG_WARN_INT_CONVERSION = YES;
				CLANG_WARN_NON_LITERAL_NULL_CONVERSION = YES;
				CLANG_WARN_OBJC_IMPLICIT_RETAIN_SELF = YES;
				CLANG_WARN_OBJC_LITERAL_CONVERSION = YES;
				CLANG_WARN_OBJC_ROOT_CLASS = YES_ERROR;
				CLANG_WARN_QUOTED_INCLUDE_IN_FRAMEWORK_HEADER = YES;
				CLANG_WARN_RANGE_LOOP_ANALYSIS = YES;
				CLANG_WARN_STRICT_PROTOTYPES = YES;
				CLANG_WARN_SUSPICIOUS_MOVE = YES;
				CLANG_WARN_UNGUARDED_AVAILABILITY = YES_AGGRESSIVE;
				CLANG_WARN_UNREACHABLE_CODE = YES;
				CLANG_WARN__DUPLICATE_METHOD_MATCH = YES;
				COPY_PHASE_STRIP = NO;
				DEBUG_INFORMATION_FORMAT = "dwarf-with-dsym";
				ENABLE_NS_ASSERTIONS = NO;
				ENABLE_STRICT_OBJC_MSGSEND = YES;
				ENABLE_USER_SCRIPT_SANDBOXING = NO;
				GCC_C_LANGUAGE_STANDARD = gnu17;
				GCC_NO_COMMON_BLOCKS = YES;
				GCC_WARN_64_TO_32_BIT_CONVERSION = YES;
				GCC_WARN_ABOUT_RETURN_TYPE = YES_ERROR;
				GCC_WARN_UNDECLARED_SELECTOR = YES;
				GCC_WARN_UNINITIALIZED_AUTOS = YES_AGGRESSIVE;
				GCC_WARN_UNUSED_FUNCTION = YES;
				GCC_WARN_UNUSED_VARIABLE = YES;
				IPHONEOS_DEPLOYMENT_TARGET = 17.2;
				LOCALIZATION_PREFERS_STRING_CATALOGS = YES;
				MTL_ENABLE_DEBUG_INFO = NO;
				MTL_FAST_MATH = YES;
				SDKROOT = iphoneos;
				SWIFT_COMPILATION_MODE = wholemodule;
				VALIDATE_PRODUCT = YES;
			};
			name = Release;
		};
		9723B45A2CF76F6F0095398F /* Debug */ = {
			isa = XCBuildConfiguration;
			baseConfigurationReference = 685A811100D2D723751FAA56 /* Pods-CJViewGRDemo.debug.xcconfig */;
			buildSettings = {
				ASSETCATALOG_COMPILER_APPICON_NAME = AppIcon;
				ASSETCATALOG_COMPILER_GLOBAL_ACCENT_COLOR_NAME = AccentColor;
				CODE_SIGN_STYLE = Automatic;
				CURRENT_PROJECT_VERSION = 1;
				DEVELOPMENT_ASSET_PATHS = "\"CJViewGRDemo/Preview Content\"";
				DEVELOPMENT_TEAM = 8285LLMDV3;
				ENABLE_PREVIEWS = YES;
				GENERATE_INFOPLIST_FILE = YES;
				INFOPLIST_KEY_UIApplicationSceneManifest_Generation = YES;
				INFOPLIST_KEY_UIApplicationSupportsIndirectInputEvents = YES;
				INFOPLIST_KEY_UILaunchScreen_Generation = YES;
				INFOPLIST_KEY_UISupportedInterfaceOrientations_iPad = "UIInterfaceOrientationPortrait UIInterfaceOrientationPortraitUpsideDown UIInterfaceOrientationLandscapeLeft UIInterfaceOrientationLandscapeRight";
				INFOPLIST_KEY_UISupportedInterfaceOrientations_iPhone = "UIInterfaceOrientationPortrait UIInterfaceOrientationLandscapeLeft UIInterfaceOrientationLandscapeRight";
				LD_RUNPATH_SEARCH_PATHS = (
					"$(inherited)",
					"@executable_path/Frameworks",
				);
				MARKETING_VERSION = 1.0;
				PRODUCT_BUNDLE_IDENTIFIER = com.dvlproad.CJViewGRDemo;
				PRODUCT_NAME = "$(TARGET_NAME)";
				SWIFT_EMIT_LOC_STRINGS = YES;
				SWIFT_VERSION = 5.0;
				TARGETED_DEVICE_FAMILY = "1,2";
			};
			name = Debug;
		};
		9723B45B2CF76F6F0095398F /* Release */ = {
			isa = XCBuildConfiguration;
			baseConfigurationReference = 2BCAF7E014F8ACD5F4045136 /* Pods-CJViewGRDemo.release.xcconfig */;
			buildSettings = {
				ASSETCATALOG_COMPILER_APPICON_NAME = AppIcon;
				ASSETCATALOG_COMPILER_GLOBAL_ACCENT_COLOR_NAME = AccentColor;
				CODE_SIGN_STYLE = Automatic;
				CURRENT_PROJECT_VERSION = 1;
				DEVELOPMENT_ASSET_PATHS = "\"CJViewGRDemo/Preview Content\"";
				DEVELOPMENT_TEAM = 8285LLMDV3;
				ENABLE_PREVIEWS = YES;
				GENERATE_INFOPLIST_FILE = YES;
				INFOPLIST_KEY_UIApplicationSceneManifest_Generation = YES;
				INFOPLIST_KEY_UIApplicationSupportsIndirectInputEvents = YES;
				INFOPLIST_KEY_UILaunchScreen_Generation = YES;
				INFOPLIST_KEY_UISupportedInterfaceOrientations_iPad = "UIInterfaceOrientationPortrait UIInterfaceOrientationPortraitUpsideDown UIInterfaceOrientationLandscapeLeft UIInterfaceOrientationLandscapeRight";
				INFOPLIST_KEY_UISupportedInterfaceOrientations_iPhone = "UIInterfaceOrientationPortrait UIInterfaceOrientationLandscapeLeft UIInterfaceOrientationLandscapeRight";
				LD_RUNPATH_SEARCH_PATHS = (
					"$(inherited)",
					"@executable_path/Frameworks",
				);
				MARKETING_VERSION = 1.0;
				PRODUCT_BUNDLE_IDENTIFIER = com.dvlproad.CJViewGRDemo;
				PRODUCT_NAME = "$(TARGET_NAME)";
				SWIFT_EMIT_LOC_STRINGS = YES;
				SWIFT_VERSION = 5.0;
				TARGETED_DEVICE_FAMILY = "1,2";
			};
			name = Release;
		};
		9723B45D2CF76F6F0095398F /* Debug */ = {
			isa = XCBuildConfiguration;
			buildSettings = {
				ALWAYS_EMBED_SWIFT_STANDARD_LIBRARIES = YES;
				BUNDLE_LOADER = "$(TEST_HOST)";
				CODE_SIGN_STYLE = Automatic;
				CURRENT_PROJECT_VERSION = 1;
				GENERATE_INFOPLIST_FILE = YES;
				IPHONEOS_DEPLOYMENT_TARGET = 17.2;
				MARKETING_VERSION = 1.0;
				PRODUCT_BUNDLE_IDENTIFIER = com.dvlproad.CJViewGRDemoTests;
				PRODUCT_NAME = "$(TARGET_NAME)";
				SWIFT_EMIT_LOC_STRINGS = NO;
				SWIFT_VERSION = 5.0;
				TARGETED_DEVICE_FAMILY = "1,2";
				TEST_HOST = "$(BUILT_PRODUCTS_DIR)/CJViewGRDemo.app/$(BUNDLE_EXECUTABLE_FOLDER_PATH)/CJViewGRDemo";
			};
			name = Debug;
		};
		9723B45E2CF76F6F0095398F /* Release */ = {
			isa = XCBuildConfiguration;
			buildSettings = {
				ALWAYS_EMBED_SWIFT_STANDARD_LIBRARIES = YES;
				BUNDLE_LOADER = "$(TEST_HOST)";
				CODE_SIGN_STYLE = Automatic;
				CURRENT_PROJECT_VERSION = 1;
				GENERATE_INFOPLIST_FILE = YES;
				IPHONEOS_DEPLOYMENT_TARGET = 17.2;
				MARKETING_VERSION = 1.0;
				PRODUCT_BUNDLE_IDENTIFIER = com.dvlproad.CJViewGRDemoTests;
				PRODUCT_NAME = "$(TARGET_NAME)";
				SWIFT_EMIT_LOC_STRINGS = NO;
				SWIFT_VERSION = 5.0;
				TARGETED_DEVICE_FAMILY = "1,2";
				TEST_HOST = "$(BUILT_PRODUCTS_DIR)/CJViewGRDemo.app/$(BUNDLE_EXECUTABLE_FOLDER_PATH)/CJViewGRDemo";
			};
			name = Release;
		};
		9723B4602CF76F6F0095398F /* Debug */ = {
			isa = XCBuildConfiguration;
			buildSettings = {
				ALWAYS_EMBED_SWIFT_STANDARD_LIBRARIES = YES;
				CODE_SIGN_STYLE = Automatic;
				CURRENT_PROJECT_VERSION = 1;
				GENERATE_INFOPLIST_FILE = YES;
				MARKETING_VERSION = 1.0;
				PRODUCT_BUNDLE_IDENTIFIER = com.dvlproad.CJViewGRDemoUITests;
				PRODUCT_NAME = "$(TARGET_NAME)";
				SWIFT_EMIT_LOC_STRINGS = NO;
				SWIFT_VERSION = 5.0;
				TARGETED_DEVICE_FAMILY = "1,2";
				TEST_TARGET_NAME = CJViewGRDemo;
			};
			name = Debug;
		};
		9723B4612CF76F6F0095398F /* Release */ = {
			isa = XCBuildConfiguration;
			buildSettings = {
				ALWAYS_EMBED_SWIFT_STANDARD_LIBRARIES = YES;
				CODE_SIGN_STYLE = Automatic;
				CURRENT_PROJECT_VERSION = 1;
				GENERATE_INFOPLIST_FILE = YES;
				MARKETING_VERSION = 1.0;
				PRODUCT_BUNDLE_IDENTIFIER = com.dvlproad.CJViewGRDemoUITests;
				PRODUCT_NAME = "$(TARGET_NAME)";
				SWIFT_EMIT_LOC_STRINGS = NO;
				SWIFT_VERSION = 5.0;
				TARGETED_DEVICE_FAMILY = "1,2";
				TEST_TARGET_NAME = CJViewGRDemo;
			};
			name = Release;
		};
/* End XCBuildConfiguration section */

/* Begin XCConfigurationList section */
		9723B4302CF76F6D0095398F /* Build configuration list for PBXProject "CJViewGRDemo" */ = {
			isa = XCConfigurationList;
			buildConfigurations = (
				9723B4572CF76F6F0095398F /* Debug */,
				9723B4582CF76F6F0095398F /* Release */,
			);
			defaultConfigurationIsVisible = 0;
			defaultConfigurationName = Release;
		};
		9723B4592CF76F6F0095398F /* Build configuration list for PBXNativeTarget "CJViewGRDemo" */ = {
			isa = XCConfigurationList;
			buildConfigurations = (
				9723B45A2CF76F6F0095398F /* Debug */,
				9723B45B2CF76F6F0095398F /* Release */,
			);
			defaultConfigurationIsVisible = 0;
			defaultConfigurationName = Release;
		};
		9723B45C2CF76F6F0095398F /* Build configuration list for PBXNativeTarget "CJViewGRDemoTests" */ = {
			isa = XCConfigurationList;
			buildConfigurations = (
				9723B45D2CF76F6F0095398F /* Debug */,
				9723B45E2CF76F6F0095398F /* Release */,
			);
			defaultConfigurationIsVisible = 0;
			defaultConfigurationName = Release;
		};
		9723B45F2CF76F6F0095398F /* Build configuration list for PBXNativeTarget "CJViewGRDemoUITests" */ = {
			isa = XCConfigurationList;
			buildConfigurations = (
				9723B4602CF76F6F0095398F /* Debug */,
				9723B4612CF76F6F0095398F /* Release */,
			);
			defaultConfigurationIsVisible = 0;
			defaultConfigurationName = Release;
		};
/* End XCConfigurationList section */
	};
	rootObject = 9723B42D2CF76F6D0095398F /* Project object */;
}
