PODS:
  - CJBaseUIKit-Swift/UIView/as (0.0.6)
  - CJGRKit (0.2.7):
    - CJGRKit/CGRectCJAdjustHelper (= 0.2.7)
    - CJGRKit/CGRectCJSubHelper (= 0.2.7)
    - CJGRKit/CJGRScrollView (= 0.2.7)
    - CJGRKit/CJGRView (= 0.2.7)
    - CJGRKit/Extension (= 0.2.7)
  - CJGRKit/CGRectCJAdjustHelper (0.2.7)
  - CJGRKit/CGRectCJSubHelper (0.2.7)
  - CJGRKit/CJGRScrollView (0.2.7):
    - CJGRKit/CJGRScrollView/Base (= 0.2.7)
    - CJGRKit/CJGRScrollView/Image (= 0.2.7)
  - CJGRKit/CJGRScrollView/Base (0.2.7):
    - Masonry
  - CJGRKit/CJGRScrollView/Image (0.2.7):
    - CJGRKit/CGRectCJSubHelper
    - CJGRKit/CJGRScrollView/Base
  - CJGRKit/CJGRView (0.2.7):
    - CJGRKit/CJGRView/Base (= 0.2.7)
    - CJGRKit/CJGRView/BaseAdjustGRView (= 0.2.7)
    - CJGRKit/CJGRView/ImageAdjustGRView (= 0.2.7)
    - CJGRKit/CJGRView/MaskImageAdjustGRView (= 0.2.7)
  - CJGRKit/CJGRView/Base (0.2.7):
    - CJGRKit/CGRectCJAdjustHelper
  - CJGRKit/CJGRView/BaseAdjustGRView (0.2.7):
    - CJGRKit/CJGRView/Base
  - CJGRKit/CJGRView/ImageAdjustGRView (0.2.7):
    - CJGRKit/CGRectCJSubHelper
    - CJGRKit/CJGRView/BaseAdjustGRView
  - CJGRKit/CJGRView/MaskImageAdjustGRView (0.2.7):
    - CJGRKit/CJGRView/ImageAdjustGRView
    - UIPathCJHelper
  - CJGRKit/Extension (0.2.7):
    - CJGRKit/Extension/FreeDrag (= 0.2.7)
    - CJGRKit/Extension/KeepBounds (= 0.2.7)
    - CJGRKit/Extension/PanDown (= 0.2.7)
  - CJGRKit/Extension/FreeDrag (0.2.7)
  - CJGRKit/Extension/KeepBounds (0.2.7):
    - CJGRKit/CGRectCJAdjustHelper
  - CJGRKit/Extension/PanDown (0.2.7)
  - CJViewElement-Swift (0.0.3):
    - CJViewElement-Swift/CommonSettingRow (= 0.0.3)
    - CJViewElement-Swift/ComponentConfigModel (= 0.0.3)
    - CJViewElement-Swift/Extension (= 0.0.3)
    - CJViewElement-Swift/LayoutInputView (= 0.0.3)
    - CJViewElement-Swift/Model (= 0.0.3)
    - CJViewElement-Swift/SquareResultView (= 0.0.3)
  - CJViewElement-Swift/CommonSettingRow (0.0.3):
    - CJViewElement-Swift/ComponentConfigModel
    - CJViewElement-Swift/LayoutInputView
  - CJViewElement-Swift/ComponentConfigModel (0.0.3):
    - CJViewElement-Swift/Model
  - CJViewElement-Swift/Extension (0.0.3)
  - CJViewElement-Swift/LayoutInputView (0.0.3)
  - CJViewElement-Swift/Model (0.0.3):
    - CJViewElement-Swift/Extension
  - CJViewElement-Swift/SquareResultView (0.0.3):
    - CJViewElement-Swift/ComponentConfigModel
  - CJViewGR-Swift (0.0.1):
    - CJViewGR-Swift/Extension (= 0.0.1)
  - CJViewGR-Swift/Extension (0.0.1)
  - CQDemoKit-Swift/as (0.0.5)
  - CQDemoKit-Swift/BaseVC (0.0.5)
  - CQDemoKit/BaseUIKit (0.9.15):
    - CQDemoKit/BaseUIKit/Button (= 0.9.15)
    - CQDemoKit/BaseUIKit/Container (= 0.9.15)
    - CQDemoKit/BaseUIKit/ImageLoader (= 0.9.15)
    - CQDemoKit/BaseUIKit/Segment (= 0.9.15)
    - CQDemoKit/BaseUIKit/Switch (= 0.9.15)
  - CQDemoKit/BaseUIKit/Button (0.9.15):
    - Masonry
  - CQDemoKit/BaseUIKit/Container (0.9.15):
    - Masonry
  - CQDemoKit/BaseUIKit/ImageLoader (0.9.15)
  - CQDemoKit/BaseUIKit/Segment (0.9.15):
    - Masonry
  - CQDemoKit/BaseUIKit/Switch (0.9.15):
    - Masonry
  - CQDemoKit/BaseUtil (0.9.15)
  - CQDemoKit/BaseVC (0.9.15):
    - CQDemoKit/BaseVC/Base (= 0.9.15)
    - CQDemoKit/BaseVC/Collection (= 0.9.15)
    - CQDemoKit/BaseVC/ScrollView (= 0.9.15)
    - CQDemoKit/BaseVC/TabBar (= 0.9.15)
    - CQDemoKit/BaseVC/TableView (= 0.9.15)
  - CQDemoKit/BaseVC/Base (0.9.15):
    - CQDemoKit/BaseUIKit
    - Masonry
  - CQDemoKit/BaseVC/Collection (0.9.15):
    - CQDemoKit/BaseVC/Base
  - CQDemoKit/BaseVC/ScrollView (0.9.15):
    - CQDemoKit/BaseVC/Base
  - CQDemoKit/BaseVC/TabBar (0.9.15):
    - CQDemoKit/Helper
  - CQDemoKit/BaseVC/TableView (0.9.15):
    - CQDemoKit/BaseVC/Base
  - CQDemoKit/Demo_DataSourceAndDelegate (0.9.15):
    - CQDemoKit/BaseVC
  - CQDemoKit/Demo_Resource (0.9.15):
    - CQDemoKit/Demo_Resource/GitUtil (= 0.9.15)
    - CQDemoKit/Demo_Resource/ImageModel (= 0.9.15)
    - CQDemoKit/Demo_Resource/InFramework (= 0.9.15)
    - CQDemoKit/Demo_Resource/RandomUtil (= 0.9.15)
    - CQDemoKit/Demo_Resource/ResourceInfoUtil (= 0.9.15)
    - CQDemoKit/Demo_Resource/SandboxFileUtil (= 0.9.15)
    - CQDemoKit/Demo_Resource/SandboxPathUtil (= 0.9.15)
    - CQDemoKit/Demo_Resource/SandboxPhotoUtil (= 0.9.15)
  - CQDemoKit/Demo_Resource/GitUtil (0.9.15)
  - CQDemoKit/Demo_Resource/ImageModel (0.9.15)
  - CQDemoKit/Demo_Resource/InFramework (0.9.15)
  - CQDemoKit/Demo_Resource/RandomUtil (0.9.15)
  - CQDemoKit/Demo_Resource/ResourceInfoUtil (0.9.15)
  - CQDemoKit/Demo_Resource/SandboxFileUtil (0.9.15):
    - CQDemoKit/Demo_Resource/SandboxPathUtil
    - CQDemoKit/Helper
  - CQDemoKit/Demo_Resource/SandboxPathUtil (0.9.15):
    - CQDemoKit/Demo_Resource/ResourceInfoUtil
  - CQDemoKit/Demo_Resource/SandboxPhotoUtil (0.9.15):
    - CQDemoKit/Demo_Resource/ResourceInfoUtil
  - CQDemoKit/Demo_RipeView (0.9.15):
    - CQDemoKit/BaseUIKit
    - CQDemoKit/BaseUtil
    - CQDemoKit/Demo_DataSourceAndDelegate
    - CQDemoKit/Demo_Resource
    - CQDemoKit/Demo_RipeView/ImagePicker (= 0.9.15)
    - CQDemoKit/Demo_RipeView/RipeCollectionView (= 0.9.15)
  - CQDemoKit/Demo_RipeView/ImagePicker (0.9.15):
    - CQDemoKit/BaseUIKit
    - CQDemoKit/BaseUtil
    - CQDemoKit/Demo_DataSourceAndDelegate
    - CQDemoKit/Demo_Resource
    - Masonry
  - CQDemoKit/Demo_RipeView/RipeCollectionView (0.9.15):
    - CQDemoKit/BaseUIKit
    - CQDemoKit/BaseUtil
    - CQDemoKit/Demo_DataSourceAndDelegate
    - CQDemoKit/Demo_Resource
    - Masonry
  - CQDemoKit/Helper (0.9.15)
  - CQDemoResource/Core (0.3.2):
    - CQDemoKit/Demo_Resource
  - CQDemoResource/Images (0.3.2):
    - CQDemoResource/Core
  - Masonry (1.1.0)
  - SnapKit (5.7.1)
  - TSDemo_GRKit (0.0.1):
    - CJGRKit
    - CQDemoKit/BaseUtil
    - CQDemoKit/BaseVC
    - CQDemoKit/Demo_RipeView
    - CQDemoResource/Images
  - TSDemo_GRKit-Swift (0.0.1):
    - CJBaseUIKit-Swift/UIView/as
    - CJViewElement-Swift
    - CJViewGR-Swift
    - CQDemoKit-Swift/as
    - CQDemoKit-Swift/BaseVC
    - CQDemoKit/BaseVC
    - CQDemoKit/Demo_Resource
    - CQDemoResource/Images
    - TSDemo_GRKit
  - UIPathCJHelper (0.1.0)

DEPENDENCIES:
  - CJGRKit (from `../`)
  - CJViewElement-Swift/ComponentConfigModel (~> 0.0.1)
  - CJViewElement-Swift/LayoutInputView (~> 0.0.1)
  - CJViewGR-Swift (from `../`)
  - CQDemoKit/BaseVC (~> 0.9.10)
  - SnapKit
  - TSDemo_GRKit (from `../`)
  - TSDemo_GRKit-Swift (from `../`)

SPEC REPOS:
  https://gitee.com/dvlproad/dvlproadSpecs:
    - UIPathCJHelper
  https://github.com/CocoaPods/Specs.git:
    - CJBaseUIKit-Swift
    - CJViewElement-Swift
    - CQDemoKit
    - CQDemoKit-Swift
    - CQDemoResource
    - Masonry
    - SnapKit

EXTERNAL SOURCES:
  CJGRKit:
    :path: "../"
  CJViewGR-Swift:
    :path: "../"
  TSDemo_GRKit:
    :path: "../"
  TSDemo_GRKit-Swift:
    :path: "../"

SPEC CHECKSUMS:
  CJBaseUIKit-Swift: c79fdbe59d136f8846058530224045539897a03e
  CJGRKit: 8f4f2854c6fd393384c21c671ec66efd25c377c4
  CJViewElement-Swift: 216908621cdaeb319b638fc788554f36f20ce13d
  CJViewGR-Swift: d079f917d23cbba3582848e1bac268a1cf684a04
  CQDemoKit: 174e2a414589bc4f1d860a7d94c633d312174ca0
  CQDemoKit-Swift: 7d9c026dc37e64b13ddaa91c1b1df823e022781e
  CQDemoResource: efdf1a0231767f665f5e6e0df59ed8a5042680f7
  Masonry: 678fab65091a9290e40e2832a55e7ab731aad201
  SnapKit: d612e99e678a2d3b95bf60b0705ed0a35c03484a
  TSDemo_GRKit: 8c102c39e13ea97693c11520017e250754b0f4a2
  TSDemo_GRKit-Swift: 6115c7b9fbd4066d5c701670ff009ecea2e4f73a
  UIPathCJHelper: f06a25a414a889098be70a89a33f939ddd9eb805

PODFILE CHECKSUM: 3a24ef4b10476bf08fc8c83cd60a0ace4ff10fab

COCOAPODS: 1.16.2
