PODS:
  - CJViewElement-Swift/LayoutInputView (0.0.1)
  - CJViewGR-Swift (0.0.1):
    - CJViewGR-Swift/Extension (= 0.0.1)
  - CJViewGR-Swift/Extension (0.0.1)
  - CQDemoKit/BaseUIKit (0.8.0):
    - Masonry
  - CQDemoKit/BaseUtil (0.8.0)
  - CQDemoKit/BaseVC (0.8.0):
    - CQDemoKit/BaseVC/Base (= 0.8.0)
    - CQDemoKit/BaseVC/Collection (= 0.8.0)
    - CQDemoKit/BaseVC/ScrollView (= 0.8.0)
    - CQDemoKit/BaseVC/TabBar (= 0.8.0)
    - CQDemoKit/BaseVC/TableView (= 0.8.0)
    - CQDemoKit/BaseVC/TextView (= 0.8.0)
  - CQDemoKit/BaseVC/Base (0.8.0):
    - CQDemoKit/BaseUIKit
    - Masonry
  - CQDemoKit/BaseVC/Collection (0.8.0):
    - CQDemoKit/BaseVC/Base
  - CQDemoKit/BaseVC/ScrollView (0.8.0):
    - CQDemoKit/BaseVC/Base
  - CQDemoKit/BaseVC/TabBar (0.8.0):
    - CQDemoKit/Helper
  - CQDemoKit/BaseVC/TableView (0.8.0):
    - CQDemoKit/BaseVC/Base
  - CQDemoKit/BaseVC/TextView (0.8.0):
    - CQDemoKit/BaseUtil
    - CQDemoKit/BaseVC/Base
  - CQDemoKit/Helper (0.8.0)
  - Masonry (1.1.0)
  - SnapKit (5.7.1)

DEPENDENCIES:
  - CJViewElement-Swift/LayoutInputView (~> 0.0.1)
  - CJViewGR-Swift (from `../`)
  - CQDemoKit/BaseVC (~> 0.8.0)
  - SnapKit

SPEC REPOS:
  https://github.com/CocoaPods/Specs.git:
    - CJViewElement-Swift
    - CQDemoKit
    - Masonry
    - SnapKit

EXTERNAL SOURCES:
  CJViewGR-Swift:
    :path: "../"

SPEC CHECKSUMS:
  CJViewElement-Swift: b91ce13dec653ce1842751102d899be5ea474993
  CJViewGR-Swift: 22a6cb1bba996a2d7e0853dc537a4d4b74c2b36b
  CQDemoKit: 1fea1039a960befe72d4452ff17827e2828b9501
  Masonry: 678fab65091a9290e40e2832a55e7ab731aad201
  SnapKit: d612e99e678a2d3b95bf60b0705ed0a35c03484a

PODFILE CHECKSUM: f5e9e06057ddb4f5a9b8461ae8586a4979bbc4d6

COCOAPODS: 1.16.2
